<?xml version="1.0" encoding="utf-8"?>
<Project ToolsVersion="4.0" xmlns="http://schemas.microsoft.com/developer/msbuild/2003">
  <ItemGroup>
    <Filter Include="源文件">
      <UniqueIdentifier>{4FC737F1-C7A5-4376-A066-2A32D752A2FF}</UniqueIdentifier>
      <Extensions>cpp;c;cc;cxx;def;odl;idl;hpj;bat;asm;asmx</Extensions>
    </Filter>
    <Filter Include="头文件">
      <UniqueIdentifier>{93995380-89BD-4b04-88EB-625FBE52EBFB}</UniqueIdentifier>
      <Extensions>h;hh;hpp;hxx;hm;inl;inc;xsd</Extensions>
    </Filter>
    <Filter Include="资源文件">
      <UniqueIdentifier>{67DA6AB6-F800-4c08-8B7A-83BB121AAD01}</UniqueIdentifier>
      <Extensions>rc;ico;cur;bmp;dlg;rc2;rct;bin;rgs;gif;jpg;jpeg;jpe;resx;tiff;tif;png;wav;mfcribbon-ms</Extensions>
    </Filter>
  </ItemGroup>
  <ItemGroup>
    <Text Include="ReadMe.txt" />
  </ItemGroup>
  <ItemGroup>
    <ClInclude Include="stdafx.h">
      <Filter>头文件</Filter>
    </ClInclude>
    <ClInclude Include="targetver.h">
      <Filter>头文件</Filter>
    </ClInclude>
    <ClInclude Include="Resource.h">
      <Filter>头文件</Filter>
    </ClInclude>
    <ClInclude Include="novel.h">
      <Filter>头文件</Filter>
    </ClInclude>
    <ClInclude Include="menu_tree.h">
      <Filter>头文件</Filter>
    </ClInclude>
    <ClInclude Include="download_page.h">
      <Filter>头文件</Filter>
    </ClInclude>
    <ClInclude Include="novel_base.h">
      <Filter>头文件</Filter>
    </ClInclude>
    <ClInclude Include="view_page.h">
      <Filter>头文件</Filter>
    </ClInclude>
    <ClInclude Include="p_open.h">
      <Filter>头文件</Filter>
    </ClInclude>
    <ClInclude Include="search_page.h">
      <Filter>头文件</Filter>
    </ClInclude>
    <ClInclude Include="stringer.h">
      <Filter>头文件</Filter>
    </ClInclude>
    <ClInclude Include="file_path.h">
      <Filter>头文件</Filter>
    </ClInclude>
  </ItemGroup>
  <ItemGroup>
    <ClCompile Include="stdafx.cpp">
      <Filter>源文件</Filter>
    </ClCompile>
    <ClCompile Include="novel.cpp">
      <Filter>源文件</Filter>
    </ClCompile>
    <ClCompile Include="menu_tree.cpp">
      <Filter>源文件</Filter>
    </ClCompile>
    <ClCompile Include="download_page.cpp">
      <Filter>源文件</Filter>
    </ClCompile>
    <ClCompile Include="view_page.cpp">
      <Filter>源文件</Filter>
    </ClCompile>
    <ClCompile Include="p_open.cpp">
      <Filter>源文件</Filter>
    </ClCompile>
    <ClCompile Include="search_page.cpp">
      <Filter>源文件</Filter>
    </ClCompile>
    <ClCompile Include="stringer.cpp">
      <Filter>源文件</Filter>
    </ClCompile>
    <ClCompile Include="file_path.cpp">
      <Filter>源文件</Filter>
    </ClCompile>
  </ItemGroup>
  <ItemGroup>
    <ResourceCompile Include="novel.rc">
      <Filter>资源文件</Filter>
    </ResourceCompile>
  </ItemGroup>
  <ItemGroup>
    <Xml Include="..\Debug\skin\main_window.xml">
      <Filter>资源文件</Filter>
    </Xml>
    <Xml Include="..\Debug\skin\download_list_element.xml">
      <Filter>资源文件</Filter>
    </Xml>
    <Xml Include="..\Debug\skin\novel_view.xml">
      <Filter>资源文件</Filter>
    </Xml>
  </ItemGroup>
  <ItemGroup>
    <Image Include="novel.ico">
      <Filter>资源文件</Filter>
    </Image>
    <Image Include="small.ico">
      <Filter>资源文件</Filter>
    </Image>
  </ItemGroup>
</Project>